
Microsoft Visual Studio Solution File, Format Version 12.00
# Visual Studio Version 17
VisualStudioVersion = 17.2.33530.394
MinimumVisualStudioVersion = 10.0.40219.1
Project("{FAE04EC0-301F-11D3-BF4B-00C04F79EFBC}") = "StemmingFrequency.Core", "src\StemmingFrequency.Core\StemmingFrequency.Core.csproj", "{D2EE3670-B620-497F-80C0-61EC7A56EAFF}"
EndProject
Project("{FAE04EC0-301F-11D3-BF4B-00C04F79EFBC}") = "StemmingFrequency.Tests", "tests\StemmingFrequency.Tests\StemmingFrequency.Tests.csproj", "{69BDD702-6ECA-4378-90B1-8DA365D5F121}"
EndProject
Global
	GlobalSection(SolutionConfigurationPlatforms) = preSolution
		Debug|Any CPU = Debug|Any CPU
		Release|Any CPU = Release|Any CPU
	EndGlobalSection
	GlobalSection(ProjectConfigurationPlatforms) = postSolution
		{D2EE3670-B620-497F-80C0-61EC7A56EAFF}.Debug|Any CPU.ActiveCfg = Debug|Any CPU
		{D2EE3670-B620-497F-80C0-61EC7A56EAFF}.Debug|Any CPU.Build.0 = Debug|Any CPU
		{D2EE3670-B620-497F-80C0-61EC7A56EAFF}.Release|Any CPU.ActiveCfg = Release|Any CPU
		{D2EE3670-B620-497F-80C0-61EC7A56EAFF}.Release|Any CPU.Build.0 = Release|Any CPU
		{69BDD702-6ECA-4378-90B1-8DA365D5F121}.Debug|Any CPU.ActiveCfg = Debug|Any CPU
		{69BDD702-6ECA-4378-90B1-8DA365D5F121}.Debug|Any CPU.Build.0 = Debug|Any CPU
		{69BDD702-6ECA-4378-90B1-8DA365D5F121}.Release|Any CPU.ActiveCfg = Release|Any CPU
		{69BDD702-6ECA-4378-90B1-8DA365D5F121}.Release|Any CPU.Build.0 = Release|Any CPU
	EndGlobalSection
	GlobalSection(SolutionProperties) = preSolution
		HideSolutionNode = FALSE
	EndGlobalSection
	GlobalSection(ExtensibilityGlobals) = postSolution
		SolutionGuid = {8D098205-26A9-4475-B2E3-EE93421B1B9D}
	EndGlobalSection
EndGlobal
